schema: '2.0'
stages:
  preprocess:
    cmd: python preprocess.py
    deps:
    - path: data/detect_dataset.xlsx
      hash: md5
      md5: c36963c5455617f882e13108127bc878
      size: 950959
    - path: preprocess.py
      hash: md5
      md5: 335cf0229564151618da580f4956b695
      size: 385
    outs:
    - path: split_data/test.xlsx
      hash: md5
      md5: cb892e3d1fad5c6c341a02294e90c37b
      size: 160683
    - path: split_data/train.xlsx
      hash: md5
      md5: 444ec01e4d90c1970f7ea9007f28e6fb
      size: 626887
  train:
    cmd: python train.py
    deps:
    - path: split_data/train.xlsx
      hash: md5
      md5: 444ec01e4d90c1970f7ea9007f28e6fb
      size: 626887
    - path: train.py
      hash: md5
      md5: f4854ad68ec7ea479947c09f0d9adbfa
      size: 1364
  test:
    cmd: python test.py
    deps:
    - path: split_data/test.xlsx
      hash: md5
      md5: cb892e3d1fad5c6c341a02294e90c37b
      size: 160683
    - path: test.py
      hash: md5
      md5: e009d633ecd58631035e69ea50edc832
      size: 1113
  register:
    cmd: python register.py
    deps:
    - path: register.py
      hash: md5
      md5: e7c62bb757ef999b151418f4d99a1bdb
      size: 1592
